<?xml version="1.0" encoding="utf-8"?>
<Project ToolsVersion="4.0" xmlns="http://schemas.microsoft.com/developer/msbuild/2003">
  <ItemGroup>
    <Filter Include="Source Files">
      <UniqueIdentifier>{4FC737F1-C7A5-4376-A066-2A32D752A2FF}</UniqueIdentifier>
      <Extensions>cpp;c;cc;cxx;def;odl;idl;hpj;bat;asm;asmx</Extensions>
    </Filter>
    <Filter Include="Header Files">
      <UniqueIdentifier>{93995380-89BD-4b04-88EB-625FBE52EBFB}</UniqueIdentifier>
      <Extensions>h;hh;hpp;hxx;hm;inl;inc;xsd</Extensions>
    </Filter>
    <Filter Include="Resource Files">
      <UniqueIdentifier>{67DA6AB6-F800-4c08-8B7A-83BB121AAD01}</UniqueIdentifier>
      <Extensions>qrc;rc;ico;cur;bmp;dlg;rc2;rct;bin;rgs;gif;jpg;jpeg;jpe;resx;tiff;tif;png;wav;mfcribbon-ms</Extensions>
    </Filter>
    <Filter Include="Form Files">
      <UniqueIdentifier>{99349809-55BA-4b9d-BF79-8FDBB0286EB3}</UniqueIdentifier>
      <Extensions>ui</Extensions>
    </Filter>
    <Filter Include="Translation Files">
      <UniqueIdentifier>{639EADAA-A684-42e4-A9AD-28FC9BCB8F7C}</UniqueIdentifier>
      <Extensions>ts</Extensions>
    </Filter>
    <Filter Include="Shaders">
      <UniqueIdentifier>{3a6d0527-1089-41f7-8bf6-8708cefe71e2}</UniqueIdentifier>
    </Filter>
    <Filter Include="Assets">
      <UniqueIdentifier>{c3ea5b64-861f-43ad-8004-0bf93914d24c}</UniqueIdentifier>
    </Filter>
    <Filter Include="Physics">
      <UniqueIdentifier>{4dc3cc69-029e-4e72-b749-69e48b633f30}</UniqueIdentifier>
    </Filter>
    <Filter Include="Renderer">
      <UniqueIdentifier>{27004bde-1824-409c-a114-9c838ecbd1d2}</UniqueIdentifier>
    </Filter>
    <Filter Include="Engine">
      <UniqueIdentifier>{ce06fc0c-c1a1-4633-aab8-32e0a4e6ba59}</UniqueIdentifier>
    </Filter>
    <Filter Include="Windowing">
      <UniqueIdentifier>{2afecee1-3fa4-4e6f-8096-18379fdd8be5}</UniqueIdentifier>
    </Filter>
    <Filter Include="Utilities">
      <UniqueIdentifier>{bcebcf8d-e477-453e-971b-9e0934b80d23}</UniqueIdentifier>
    </Filter>
    <Filter Include="Machine Learning">
      <UniqueIdentifier>{8982f27e-df27-4895-ae39-abb379316d5f}</UniqueIdentifier>
    </Filter>
    <Filter Include="Linear Algebra">
      <UniqueIdentifier>{b9a09f89-a6f1-4aed-aeff-c7dec041b7b1}</UniqueIdentifier>
    </Filter>
    <Filter Include="Engine\Meshing">
      <UniqueIdentifier>{e7df5841-4eb4-4ae0-913b-a9eb143f84fb}</UniqueIdentifier>
    </Filter>
    <Filter Include="Physics\Parameterization">
      <UniqueIdentifier>{a516dc70-3ed1-4f55-b835-e49773dbaeb8}</UniqueIdentifier>
    </Filter>
    <Filter Include="Windowing\Controllers">
      <UniqueIdentifier>{62fe412d-1d30-4f09-b7c6-49bc7ad50817}</UniqueIdentifier>
    </Filter>
    <Filter Include="ThirdParty">
      <UniqueIdentifier>{fd2dd741-52aa-4e34-8065-7d4b7c2f6930}</UniqueIdentifier>
    </Filter>
    <Filter Include="Machine Learning\Py">
      <UniqueIdentifier>{86285b1c-8bb3-4369-bbed-792369cad768}</UniqueIdentifier>
    </Filter>
    <Filter Include="Windowing\Dataset Generator Options">
      <UniqueIdentifier>{1ae30962-705a-4017-9a64-0b2c8934f3b6}</UniqueIdentifier>
    </Filter>
  </ItemGroup>
  <ItemGroup>
    <QtRcc Include="deformo.qrc">
      <Filter>Resource Files</Filter>
    </QtRcc>
    <QtUic Include="deformo.ui">
      <Filter>Form Files</Filter>
    </QtUic>
  </ItemGroup>
  <ItemGroup>
    <ClCompile Include="main.cpp">
      <Filter>Source Files</Filter>
    </ClCompile>
    <ClCompile Include="LinearTetrahedral.cpp">
      <Filter>Physics</Filter>
    </ClCompile>
    <ClCompile Include="BoundaryCondition.cpp">
      <Filter>Physics</Filter>
    </ClCompile>
    <ClCompile Include="GLWidget.cpp">
      <Filter>Windowing</Filter>
    </ClCompile>
    <ClCompile Include="Input.cpp">
      <Filter>Engine</Filter>
    </ClCompile>
    <ClCompile Include="Loader.cpp">
      <Filter>Engine</Filter>
    </ClCompile>
    <ClCompile Include="ExplicitCentralDifference.cpp">
      <Filter>Physics</Filter>
    </ClCompile>
    <ClCompile Include="Mesh.cpp">
      <Filter>Renderer</Filter>
    </ClCompile>
    <ClCompile Include="Window.cpp">
      <Filter>Windowing</Filter>
    </ClCompile>
    <ClCompile Include="Renderer.cpp">
      <Filter>Renderer</Filter>
    </ClCompile>
    <ClCompile Include="Shader.cpp">
      <Filter>Renderer</Filter>
    </ClCompile>
    <ClCompile Include="ShaderProgram.cpp">
      <Filter>Renderer</Filter>
    </ClCompile>
    <ClCompile Include="Dotenv.cpp">
      <Filter>Source Files</Filter>
    </ClCompile>
    <ClCompile Include="Rayleigh.cpp">
      <Filter>Physics</Filter>
    </ClCompile>
    <ClCompile Include="MeshGenerator.cpp">
      <Filter>Renderer</Filter>
    </ClCompile>
    <ClCompile Include="Simulation.cpp">
      <Filter>Physics</Filter>
    </ClCompile>
    <ClCompile Include="Utils.cpp">
      <Filter>Utilities</Filter>
    </ClCompile>
    <ClCompile Include="QTUtils.cpp">
      <Filter>Utilities</Filter>
    </ClCompile>
    <ClCompile Include="WindowController.cpp">
      <Filter>Windowing</Filter>
    </ClCompile>
    <ClCompile Include="MeshDiscretizer.cpp">
      <Filter>Machine Learning</Filter>
    </ClCompile>
    <ClCompile Include="Numerics.cpp">
      <Filter>Linear Algebra</Filter>
    </ClCompile>
    <ClCompile Include="Cube.cpp">
      <Filter>Engine\Meshing</Filter>
    </ClCompile>
    <ClCompile Include="ModelLoader.cpp">
      <Filter>Machine Learning</Filter>
    </ClCompile>
    <ClCompile Include="MarchingCubes.cpp">
      <Filter>Engine\Meshing</Filter>
    </ClCompile>
    <ClCompile Include="ImplicitSurfaceGenerator.cpp">
      <Filter>Engine\Meshing</Filter>
    </ClCompile>
    <ClCompile Include="Homogenization.cpp">
      <Filter>Physics\Parameterization</Filter>
    </ClCompile>
    <ClCompile Include="Rve.cpp">
      <Filter>Physics</Filter>
    </ClCompile>
    <ClCompile Include="Material.cpp">
      <Filter>Engine\Meshing</Filter>
    </ClCompile>
    <ClCompile Include="SimulationController.cpp">
      <Filter>Windowing\Controllers</Filter>
    </ClCompile>
    <ClCompile Include="DesignerController.cpp">
      <Filter>Windowing\Controllers</Filter>
    </ClCompile>
    <ClCompile Include="NeuralNetwork.cpp">
      <Filter>Machine Learning</Filter>
    </ClCompile>
    <ClCompile Include="HomogenizationDatasetGeneratorDialog.cpp">
      <Filter>Windowing\Dataset Generator Options</Filter>
    </ClCompile>
    <ClCompile Include="CsvFile.cpp">
      <Filter>Utilities</Filter>
    </ClCompile>
  </ItemGroup>
  <ItemGroup>
    <ClInclude Include="LinearTetrahedral.h">
      <Filter>Physics</Filter>
    </ClInclude>
    <ClInclude Include="BoundaryCondition.h">
      <Filter>Physics</Filter>
    </ClInclude>
    <ClInclude Include="Vbo.h">
      <Filter>Renderer</Filter>
    </ClInclude>
    <ClInclude Include="OpenGL.h">
      <Filter>Renderer</Filter>
    </ClInclude>
    <ClInclude Include="Vao.h">
      <Filter>Renderer</Filter>
    </ClInclude>
    <ClInclude Include="Camera.h">
      <Filter>Engine</Filter>
    </ClInclude>
    <ClInclude Include="Loader.h">
      <Filter>Engine</Filter>
    </ClInclude>
    <ClInclude Include="Input.h">
      <Filter>Engine</Filter>
    </ClInclude>
    <ClInclude Include="ExplicitCentralDifference.h">
      <Filter>Physics</Filter>
    </ClInclude>
    <ClInclude Include="Mesh.h">
      <Filter>Renderer</Filter>
    </ClInclude>
    <ClInclude Include="Renderer.h">
      <Filter>Renderer</Filter>
    </ClInclude>
    <ClInclude Include="Shader.h">
      <Filter>Renderer</Filter>
    </ClInclude>
    <ClInclude Include="ShaderProgram.h">
      <Filter>Renderer</Filter>
    </ClInclude>
    <ClInclude Include="Dotenv.h">
      <Filter>Header Files</Filter>
    </ClInclude>
    <ClInclude Include="Rayleigh.h">
      <Filter>Physics</Filter>
    </ClInclude>
    <ClInclude Include="MeshGenerator.h">
      <Filter>Renderer</Filter>
    </ClInclude>
    <ClInclude Include="Simulation.h">
      <Filter>Physics</Filter>
    </ClInclude>
    <ClInclude Include="Utils.h">
      <Filter>Utilities</Filter>
    </ClInclude>
    <ClInclude Include="QTUtils.h">
      <Filter>Utilities</Filter>
    </ClInclude>
    <ClInclude Include="MeshDiscretizer.h">
      <Filter>Machine Learning</Filter>
    </ClInclude>
    <ClInclude Include="Numerics.h">
      <Filter>Linear Algebra</Filter>
    </ClInclude>
    <ClInclude Include="Cube.h">
      <Filter>Engine\Meshing</Filter>
    </ClInclude>
    <ClInclude Include="ModelLoader.h">
      <Filter>Machine Learning</Filter>
    </ClInclude>
    <ClInclude Include="MarchingCubes.h">
      <Filter>Engine\Meshing</Filter>
    </ClInclude>
    <ClInclude Include="ImplicitSurfaceGenerator.h">
      <Filter>Engine\Meshing</Filter>
    </ClInclude>
    <ClInclude Include="Homogenization.h">
      <Filter>Physics\Parameterization</Filter>
    </ClInclude>
    <ClInclude Include="Rve.h">
      <Filter>Physics</Filter>
    </ClInclude>
    <ClInclude Include="DeformoAssert.h">
      <Filter>Utilities</Filter>
    </ClInclude>
    <ClInclude Include="Material.h">
      <Filter>Engine\Meshing</Filter>
    </ClInclude>
    <ClInclude Include="SimulationController.h">
      <Filter>Windowing\Controllers</Filter>
    </ClInclude>
    <ClInclude Include="ThirdParty\cppflow\context.h">
      <Filter>ThirdParty</Filter>
    </ClInclude>
    <ClInclude Include="ThirdParty\cppflow\cppflow.h">
      <Filter>ThirdParty</Filter>
    </ClInclude>
    <ClInclude Include="ThirdParty\cppflow\datatype.h">
      <Filter>ThirdParty</Filter>
    </ClInclude>
    <ClInclude Include="ThirdParty\cppflow\defer.h">
      <Filter>ThirdParty</Filter>
    </ClInclude>
    <ClInclude Include="ThirdParty\cppflow\tensor.h">
      <Filter>ThirdParty</Filter>
    </ClInclude>
    <ClInclude Include="ThirdParty\cppflow\ops.h">
      <Filter>ThirdParty</Filter>
    </ClInclude>
    <ClInclude Include="ThirdParty\cppflow\raw_ops.h">
      <Filter>ThirdParty</Filter>
    </ClInclude>
    <ClInclude Include="ThirdParty\cppflow\model.h">
      <Filter>ThirdParty</Filter>
    </ClInclude>
    <ClInclude Include="resource.h">
      <Filter>Header Files</Filter>
    </ClInclude>
    <ClInclude Include="NeuralNetwork.h">
      <Filter>Machine Learning</Filter>
    </ClInclude>
    <ClInclude Include="CsvFile.h">
      <Filter>Utilities</Filter>
    </ClInclude>
  </ItemGroup>
  <ItemGroup>
    <None Include="core.vs.glsl">
      <Filter>Shaders</Filter>
    </None>
    <None Include="core.frag.glsl">
      <Filter>Shaders</Filter>
    </None>
    <None Include="cube.ply">
      <Filter>Assets</Filter>
    </None>
    <None Include="Assets\backward-solid.svg">
      <Filter>Assets</Filter>
    </None>
    <None Include="Assets\forward-solid.svg">
      <Filter>Assets</Filter>
    </None>
    <None Include="Assets\pause-solid.svg">
      <Filter>Assets</Filter>
    </None>
    <None Include="Assets\play-solid.svg">
      <Filter>Assets</Filter>
    </None>
    <None Include="Assets\redo-solid.svg">
      <Filter>Assets</Filter>
    </None>
    <None Include="Assets\step-backward-solid.svg">
      <Filter>Assets</Filter>
    </None>
    <None Include="Assets\step-forward-solid.svg">
      <Filter>Assets</Filter>
    </None>
    <None Include=".env" />
    <None Include="styles.stylesheet">
      <Filter>Assets</Filter>
    </None>
    <None Include="homogenization.py">
      <Filter>Machine Learning\Py</Filter>
    </None>
  </ItemGroup>
  <ItemGroup>
    <ResourceCompile Include="deformo.rc">
      <Filter>Resource Files</Filter>
    </ResourceCompile>
  </ItemGroup>
  <ItemGroup>
    <QtMoc Include="GLWidget.h">
      <Filter>Windowing</Filter>
    </QtMoc>
    <QtMoc Include="Window.h">
      <Filter>Windowing</Filter>
    </QtMoc>
    <QtMoc Include="WindowController.h">
      <Filter>Windowing</Filter>
    </QtMoc>
    <QtMoc Include="HomogenizationDatasetGeneratorDialog.h">
      <Filter>Windowing\Dataset Generator Options</Filter>
    </QtMoc>
    <QtMoc Include="DesignerController.h">
      <Filter>Windowing\Controllers</Filter>
    </QtMoc>
  </ItemGroup>
</Project>